
Microsoft Visual Studio Solution File, Format Version 12.00
# Visual Studio Version 16
VisualStudioVersion = 16.0.30104.148
MinimumVisualStudioVersion = 10.0.40219.1
Project("{FAE04EC0-301F-11D3-BF4B-00C04F79EFBC}") = "183801035 Ömer Faruk Kurt NTP-1 Vize", "183801035 Ömer Faruk Kurt NTP-1 Vize\183801035 Ömer Faruk Kurt NTP-1 Vize.csproj", "{3A02F9D5-A4AC-4B00-A2DE-56B5FF159666}"
EndProject
Global
	GlobalSection(SolutionConfigurationPlatforms) = preSolution
		Debug|Any CPU = Debug|Any CPU
		Release|Any CPU = Release|Any CPU
	EndGlobalSection
	GlobalSection(ProjectConfigurationPlatforms) = postSolution
		{3A02F9D5-A4AC-4B00-A2DE-56B5FF159666}.Debug|Any CPU.ActiveCfg = Debug|Any CPU
		{3A02F9D5-A4AC-4B00-A2DE-56B5FF159666}.Debug|Any CPU.Build.0 = Debug|Any CPU
		{3A02F9D5-A4AC-4B00-A2DE-56B5FF159666}.Release|Any CPU.ActiveCfg = Release|Any CPU
		{3A02F9D5-A4AC-4B00-A2DE-56B5FF159666}.Release|Any CPU.Build.0 = Release|Any CPU
	EndGlobalSection
	GlobalSection(SolutionProperties) = preSolution
		HideSolutionNode = FALSE
	EndGlobalSection
	GlobalSection(ExtensibilityGlobals) = postSolution
		SolutionGuid = {1CE5EF04-3094-40B8-9487-245E3DCB7E18}
	EndGlobalSection
EndGlobal
